
Microsoft Visual Studio Solution File, Format Version 12.00
# Visual Studio Version 17
VisualStudioVersion = 17.6.33801.468
MinimumVisualStudioVersion = 10.0.40219.1
Project("{9A19103F-16F7-4668-BE54-9A1E7A4F7556}") = "Cinema", "Cinema\Cinema.csproj", "{BD23EE51-A845-4F8A-BABB-C81B366A77F4}"
EndProject
Project("{9A19103F-16F7-4668-BE54-9A1E7A4F7556}") = "Cinema.Data", "Cinema.Data\Cinema.Data.csproj", "{8CA59975-8ACF-48D6-978C-A44D280BC12A}"
EndProject
Project("{9A19103F-16F7-4668-BE54-9A1E7A4F7556}") = "Cinema.Data.Seeder", "Cinema.Data.Seeder\Cinema.Data.Seeder.csproj", "{A27E2B8F-A9A6-4A15-81E5-66AAB8937BC4}"
EndProject
Project("{9A19103F-16F7-4668-BE54-9A1E7A4F7556}") = "Cinema.Core", "Cinema.Core\Cinema.Core.csproj", "{DF1DA473-B719-4EB7-8189-3B5E9E5282C3}"
EndProject
Project("{9A19103F-16F7-4668-BE54-9A1E7A4F7556}") = "Cinema.ViewModels", "Cinema.ViewModels\Cinema.ViewModels.csproj", "{ABA712DD-CCEE-469F-AD62-836895B0DE17}"
EndProject
Project("{9A19103F-16F7-4668-BE54-9A1E7A4F7556}") = "Cinema.Extensions", "Cinema.Extensions\Cinema.Extensions.csproj", "{EEC87DA7-D93E-4C90-A5F3-C6C00C201DF7}"
EndProject
Global
	GlobalSection(SolutionConfigurationPlatforms) = preSolution
		Debug|Any CPU = Debug|Any CPU
		Release|Any CPU = Release|Any CPU
	EndGlobalSection
	GlobalSection(ProjectConfigurationPlatforms) = postSolution
		{BD23EE51-A845-4F8A-BABB-C81B366A77F4}.Debug|Any CPU.ActiveCfg = Debug|Any CPU
		{BD23EE51-A845-4F8A-BABB-C81B366A77F4}.Debug|Any CPU.Build.0 = Debug|Any CPU
		{BD23EE51-A845-4F8A-BABB-C81B366A77F4}.Release|Any CPU.ActiveCfg = Release|Any CPU
		{BD23EE51-A845-4F8A-BABB-C81B366A77F4}.Release|Any CPU.Build.0 = Release|Any CPU
		{8CA59975-8ACF-48D6-978C-A44D280BC12A}.Debug|Any CPU.ActiveCfg = Debug|Any CPU
		{8CA59975-8ACF-48D6-978C-A44D280BC12A}.Debug|Any CPU.Build.0 = Debug|Any CPU
		{8CA59975-8ACF-48D6-978C-A44D280BC12A}.Release|Any CPU.ActiveCfg = Release|Any CPU
		{8CA59975-8ACF-48D6-978C-A44D280BC12A}.Release|Any CPU.Build.0 = Release|Any CPU
		{A27E2B8F-A9A6-4A15-81E5-66AAB8937BC4}.Debug|Any CPU.ActiveCfg = Debug|Any CPU
		{A27E2B8F-A9A6-4A15-81E5-66AAB8937BC4}.Debug|Any CPU.Build.0 = Debug|Any CPU
		{A27E2B8F-A9A6-4A15-81E5-66AAB8937BC4}.Release|Any CPU.ActiveCfg = Release|Any CPU
		{A27E2B8F-A9A6-4A15-81E5-66AAB8937BC4}.Release|Any CPU.Build.0 = Release|Any CPU
		{DF1DA473-B719-4EB7-8189-3B5E9E5282C3}.Debug|Any CPU.ActiveCfg = Debug|Any CPU
		{DF1DA473-B719-4EB7-8189-3B5E9E5282C3}.Debug|Any CPU.Build.0 = Debug|Any CPU
		{DF1DA473-B719-4EB7-8189-3B5E9E5282C3}.Release|Any CPU.ActiveCfg = Release|Any CPU
		{DF1DA473-B719-4EB7-8189-3B5E9E5282C3}.Release|Any CPU.Build.0 = Release|Any CPU
		{ABA712DD-CCEE-469F-AD62-836895B0DE17}.Debug|Any CPU.ActiveCfg = Debug|Any CPU
		{ABA712DD-CCEE-469F-AD62-836895B0DE17}.Debug|Any CPU.Build.0 = Debug|Any CPU
		{ABA712DD-CCEE-469F-AD62-836895B0DE17}.Release|Any CPU.ActiveCfg = Release|Any CPU
		{ABA712DD-CCEE-469F-AD62-836895B0DE17}.Release|Any CPU.Build.0 = Release|Any CPU
		{EEC87DA7-D93E-4C90-A5F3-C6C00C201DF7}.Debug|Any CPU.ActiveCfg = Debug|Any CPU
		{EEC87DA7-D93E-4C90-A5F3-C6C00C201DF7}.Debug|Any CPU.Build.0 = Debug|Any CPU
		{EEC87DA7-D93E-4C90-A5F3-C6C00C201DF7}.Release|Any CPU.ActiveCfg = Release|Any CPU
		{EEC87DA7-D93E-4C90-A5F3-C6C00C201DF7}.Release|Any CPU.Build.0 = Release|Any CPU
	EndGlobalSection
	GlobalSection(SolutionProperties) = preSolution
		HideSolutionNode = FALSE
	EndGlobalSection
	GlobalSection(ExtensibilityGlobals) = postSolution
		SolutionGuid = {C5488E1C-CCD4-4934-9C12-56D00809FF36}
	EndGlobalSection
EndGlobal
